// !$*UTF8*$!
{
	archiveVersion = 1;
	classes = {
	};
	objectVersion = 50;
	objects = {

/* Begin PBXBuildFile section */
		647890832314F6DC009D0502 /* AppDelegate.swift in Sources */ = {isa = PBXBuildFile; fileRef = 647890822314F6DC009D0502 /* AppDelegate.swift */; };
		647890852314F6DC009D0502 /* ViewController.swift in Sources */ = {isa = PBXBuildFile; fileRef = 647890842314F6DC009D0502 /* ViewController.swift */; };
		647890882314F6DC009D0502 /* Main.storyboard in Resources */ = {isa = PBXBuildFile; fileRef = 647890862314F6DC009D0502 /* Main.storyboard */; };
		6478908A2314F6E0009D0502 /* Assets.xcassets in Resources */ = {isa = PBXBuildFile; fileRef = 647890892314F6E0009D0502 /* Assets.xcassets */; };
		6478908D2314F6E0009D0502 /* LaunchScreen.storyboard in Resources */ = {isa = PBXBuildFile; fileRef = 6478908B2314F6E0009D0502 /* LaunchScreen.storyboard */; };
		647890962314F712009D0502 /* CLLocation+Extension.swift in Sources */ = {isa = PBXBuildFile; fileRef = 647890952314F712009D0502 /* CLLocation+Extension.swift */; };
		647890982314F719009D0502 /* MapType.swift in Sources */ = {isa = PBXBuildFile; fileRef = 647890972314F719009D0502 /* MapType.swift */; };
		6478909A2314F71E009D0502 /* MapNavigation.swift in Sources */ = {isa = PBXBuildFile; fileRef = 647890992314F71E009D0502 /* MapNavigation.swift */; };
/* End PBXBuildFile section */

/* Begin PBXFileReference section */
		6478907F2314F6DC009D0502 /* XYJumpToThirdMap.app */ = {isa = PBXFileReference; explicitFileType = wrapper.application; includeInIndex = 0; path = XYJumpToThirdMap.app; sourceTree = BUILT_PRODUCTS_DIR; };
		647890822314F6DC009D0502 /* AppDelegate.swift */ = {isa = PBXFileReference; lastKnownFileType = sourcecode.swift; path = AppDelegate.swift; sourceTree = "<group>"; };
		647890842314F6DC009D0502 /* ViewController.swift */ = {isa = PBXFileReference; lastKnownFileType = sourcecode.swift; path = ViewController.swift; sourceTree = "<group>"; };
		647890872314F6DC009D0502 /* Base */ = {isa = PBXFileReference; lastKnownFileType = file.storyboard; name = Base; path = Base.lproj/Main.storyboard; sourceTree = "<group>"; };
		647890892314F6E0009D0502 /* Assets.xcassets */ = {isa = PBXFileReference; lastKnownFileType = folder.assetcatalog; path = Assets.xcassets; sourceTree = "<group>"; };
		6478908C2314F6E0009D0502 /* Base */ = {isa = PBXFileReference; lastKnownFileType = file.storyboard; name = Base; path = Base.lproj/LaunchScreen.storyboard; sourceTree = "<group>"; };
		6478908E2314F6E0009D0502 /* Info.plist */ = {isa = PBXFileReference; lastKnownFileType = text.plist.xml; path = Info.plist; sourceTree = "<group>"; };
		647890952314F712009D0502 /* CLLocation+Extension.swift */ = {isa = PBXFileReference; fileEncoding = 4; lastKnownFileType = sourcecode.swift; path = "CLLocation+Extension.swift"; sourceTree = "<group>"; };
		647890972314F719009D0502 /* MapType.swift */ = {isa = PBXFileReference; fileEncoding = 4; lastKnownFileType = sourcecode.swift; path = MapType.swift; sourceTree = "<group>"; };
		647890992314F71E009D0502 /* MapNavigation.swift */ = {isa = PBXFileReference; fileEncoding = 4; lastKnownFileType = sourcecode.swift; path = MapNavigation.swift; sourceTree = "<group>"; };
/* End PBXFileReference section */

/* Begin PBXFrameworksBuildPhase section */
		6478907C2314F6DC009D0502 /* Frameworks */ = {
			isa = PBXFrameworksBuildPhase;
			buildActionMask = 2147483647;
			files = (
			);
			runOnlyForDeploymentPostprocessing = 0;
		};
/* End PBXFrameworksBuildPhase section */

/* Begin PBXGroup section */
		647890762314F6DC009D0502 = {
			isa = PBXGroup;
			children = (
				647890812314F6DC009D0502 /* XYJumpToThirdMap */,
				647890802314F6DC009D0502 /* Products */,
			);
			sourceTree = "<group>";
		};
		647890802314F6DC009D0502 /* Products */ = {
			isa = PBXGroup;
			children = (
				6478907F2314F6DC009D0502 /* XYJumpToThirdMap.app */,
			);
			name = Products;
			sourceTree = "<group>";
		};
		647890812314F6DC009D0502 /* XYJumpToThirdMap */ = {
			isa = PBXGroup;
			children = (
				647890942314F701009D0502 /* ThirdMap */,
				647890822314F6DC009D0502 /* AppDelegate.swift */,
				647890842314F6DC009D0502 /* ViewController.swift */,
				647890862314F6DC009D0502 /* Main.storyboard */,
				647890892314F6E0009D0502 /* Assets.xcassets */,
				6478908B2314F6E0009D0502 /* LaunchScreen.storyboard */,
				6478908E2314F6E0009D0502 /* Info.plist */,
			);
			path = XYJumpToThirdMap;
			sourceTree = "<group>";
		};
		647890942314F701009D0502 /* ThirdMap */ = {
			isa = PBXGroup;
			children = (
				647890992314F71E009D0502 /* MapNavigation.swift */,
				647890972314F719009D0502 /* MapType.swift */,
				647890952314F712009D0502 /* CLLocation+Extension.swift */,
			);
			path = ThirdMap;
			sourceTree = "<group>";
		};
/* End PBXGroup section */

/* Begin PBXNativeTarget section */
		6478907E2314F6DC009D0502 /* XYJumpToThirdMap */ = {
			isa = PBXNativeTarget;
			buildConfigurationList = 647890912314F6E0009D0502 /* Build configuration list for PBXNativeTarget "XYJumpToThirdMap" */;
			buildPhases = (
				6478907B2314F6DC009D0502 /* Sources */,
				6478907C2314F6DC009D0502 /* Frameworks */,
				6478907D2314F6DC009D0502 /* Resources */,
			);
			buildRules = (
			);
			dependencies = (
			);
			name = XYJumpToThirdMap;
			productName = XYJumpToThirdMap;
			productReference = 6478907F2314F6DC009D0502 /* XYJumpToThirdMap.app */;
			productType = "com.apple.product-type.application";
		};
/* End PBXNativeTarget section */

/* Begin PBXProject section */
		647890772314F6DC009D0502 /* Project object */ = {
			isa = PBXProject;
			attributes = {
				LastSwiftUpdateCheck = 1020;
				LastUpgradeCheck = 1020;
				ORGANIZATIONNAME = BJMHBT;
				TargetAttributes = {
					6478907E2314F6DC009D0502 = {
						CreatedOnToolsVersion = 10.2;
					};
				};
			};
			buildConfigurationList = 6478907A2314F6DC009D0502 /* Build configuration list for PBXProject "XYJumpToThirdMap" */;
			compatibilityVersion = "Xcode 9.3";
			developmentRegion = en;
			hasScannedForEncodings = 0;
			knownRegions = (
				en,
				Base,
			);
			mainGroup = 647890762314F6DC009D0502;
			productRefGroup = 647890802314F6DC009D0502 /* Products */;
			projectDirPath = "";
			projectRoot = "";
			targets = (
				6478907E2314F6DC009D0502 /* XYJumpToThirdMap */,
			);
		};
/* End PBXProject section */

/* Begin PBXResourcesBuildPhase section */
		6478907D2314F6DC009D0502 /* Resources */ = {
			isa = PBXResourcesBuildPhase;
			buildActionMask = 2147483647;
			files = (
				6478908D2314F6E0009D0502 /* LaunchScreen.storyboard in Resources */,
				6478908A2314F6E0009D0502 /* Assets.xcassets in Resources */,
				647890882314F6DC009D0502 /* Main.storyboard in Resources */,
			);
			runOnlyForDeploymentPostprocessing = 0;
		};
/* End PBXResourcesBuildPhase section */

/* Begin PBXSourcesBuildPhase section */
		6478907B2314F6DC009D0502 /* Sources */ = {
			isa = PBXSourcesBuildPhase;
			buildActionMask = 2147483647;
			files = (
				647890982314F719009D0502 /* MapType.swift in Sources */,
				647890852314F6DC009D0502 /* ViewController.swift in Sources */,
				647890962314F712009D0502 /* CLLocation+Extension.swift in Sources */,
				647890832314F6DC009D0502 /* AppDelegate.swift in Sources */,
				6478909A2314F71E009D0502 /* MapNavigation.swift in Sources */,
			);
			runOnlyForDeploymentPostprocessing = 0;
		};
/* End PBXSourcesBuildPhase section */

/* Begin PBXVariantGroup section */
		647890862314F6DC009D0502 /* Main.storyboard */ = {
			isa = PBXVariantGroup;
			children = (
				647890872314F6DC009D0502 /* Base */,
			);
			name = Main.storyboard;
			sourceTree = "<group>";
		};
		6478908B2314F6E0009D0502 /* LaunchScreen.storyboard */ = {
			isa = PBXVariantGroup;
			children = (
				6478908C2314F6E0009D0502 /* Base */,
			);
			name = LaunchScreen.storyboard;
			sourceTree = "<group>";
		};
/* End PBXVariantGroup section */

/* Begin XCBuildConfiguration section */
		6478908F2314F6E0009D0502 /* Debug */ = {
			isa = XCBuildConfiguration;
			buildSettings = {
				ALWAYS_SEARCH_USER_PATHS = NO;
				CLANG_ANALYZER_NONNULL = YES;
				CLANG_ANALYZER_NUMBER_OBJECT_CONVERSION = YES_AGGRESSIVE;
				CLANG_CXX_LANGUAGE_STANDARD = "gnu++14";
				CLANG_CXX_LIBRARY = "libc++";
				CLANG_ENABLE_MODULES = YES;
				CLANG_ENABLE_OBJC_ARC = YES;
				CLANG_ENABLE_OBJC_WEAK = YES;
				CLANG_WARN_BLOCK_CAPTURE_AUTORELEASING = YES;
				CLANG_WARN_BOOL_CONVERSION = YES;
				CLANG_WARN_COMMA = YES;
				CLANG_WARN_CONSTANT_CONVERSION = YES;
				CLANG_WARN_DEPRECATED_OBJC_IMPLEMENTATIONS = YES;
				CLANG_WARN_DIRECT_OBJC_ISA_USAGE = YES_ERROR;
				CLANG_WARN_DOCUMENTATION_COMMENTS = YES;
				CLANG_WARN_EMPTY_BODY = YES;
				CLANG_WARN_ENUM_CONVERSION = YES;
				CLANG_WARN_INFINITE_RECURSION = YES;
				CLANG_WARN_INT_CONVERSION = YES;
				CLANG_WARN_NON_LITERAL_NULL_CONVERSION = YES;
				CLANG_WARN_OBJC_IMPLICIT_RETAIN_SELF = YES;
				CLANG_WARN_OBJC_LITERAL_CONVERSION = YES;
				CLANG_WARN_OBJC_ROOT_CLASS = YES_ERROR;
				CLANG_WARN_RANGE_LOOP_ANALYSIS = YES;
				CLANG_WARN_STRICT_PROTOTYPES = YES;
				CLANG_WARN_SUSPICIOUS_MOVE = YES;
				CLANG_WARN_UNGUARDED_AVAILABILITY = YES_AGGRESSIVE;
				CLANG_WARN_UNREACHABLE_CODE = YES;
				CLANG_WARN__DUPLICATE_METHOD_MATCH = YES;
				CODE_SIGN_IDENTITY = "iPhone Developer";
				COPY_PHASE_STRIP = NO;
				DEBUG_INFORMATION_FORMAT = dwarf;
				ENABLE_STRICT_OBJC_MSGSEND = YES;
				ENABLE_TESTABILITY = YES;
				GCC_C_LANGUAGE_STANDARD = gnu11;
				GCC_DYNAMIC_NO_PIC = NO;
				GCC_NO_COMMON_BLOCKS = YES;
				GCC_OPTIMIZATION_LEVEL = 0;
				GCC_PREPROCESSOR_DEFINITIONS = (
					"DEBUG=1",
					"$(inherited)",
				);
				GCC_WARN_64_TO_32_BIT_CONVERSION = YES;
				GCC_WARN_ABOUT_RETURN_TYPE = YES_ERROR;
				GCC_WARN_UNDECLARED_SELECTOR = YES;
				GCC_WARN_UNINITIALIZED_AUTOS = YES_AGGRESSIVE;
				GCC_WARN_UNUSED_FUNCTION = YES;
				GCC_WARN_UNUSED_VARIABLE = YES;
				IPHONEOS_DEPLOYMENT_TARGET = 12.2;
				MTL_ENABLE_DEBUG_INFO = INCLUDE_SOURCE;
				MTL_FAST_MATH = YES;
				ONLY_ACTIVE_ARCH = YES;
				SDKROOT = iphoneos;
				SWIFT_ACTIVE_COMPILATION_CONDITIONS = DEBUG;
				SWIFT_OPTIMIZATION_LEVEL = "-Onone";
			};
			name = Debug;
		};
		647890902314F6E0009D0502 /* Release */ = {
			isa = XCBuildConfiguration;
			buildSettings = {
				ALWAYS_SEARCH_USER_PATHS = NO;
				CLANG_ANALYZER_NONNULL = YES;
				CLANG_ANALYZER_NUMBER_OBJECT_CONVERSION = YES_AGGRESSIVE;
				CLANG_CXX_LANGUAGE_STANDARD = "gnu++14";
				CLANG_CXX_LIBRARY = "libc++";
				CLANG_ENABLE_MODULES = YES;
				CLANG_ENABLE_OBJC_ARC = YES;
				CLANG_ENABLE_OBJC_WEAK = YES;
				CLANG_WARN_BLOCK_CAPTURE_AUTORELEASING = YES;
				CLANG_WARN_BOOL_CONVERSION = YES;
				CLANG_WARN_COMMA = YES;
				CLANG_WARN_CONSTANT_CONVERSION = YES;
				CLANG_WARN_DEPRECATED_OBJC_IMPLEMENTATIONS = YES;
				CLANG_WARN_DIRECT_OBJC_ISA_USAGE = YES_ERROR;
				CLANG_WARN_DOCUMENTATION_COMMENTS = YES;
				CLANG_WARN_EMPTY_BODY = YES;
				CLANG_WARN_ENUM_CONVERSION = YES;
				CLANG_WARN_INFINITE_RECURSION = YES;
				CLANG_WARN_INT_CONVERSION = YES;
				CLANG_WARN_NON_LITERAL_NULL_CONVERSION = YES;
				CLANG_WARN_OBJC_IMPLICIT_RETAIN_SELF = YES;
				CLANG_WARN_OBJC_LITERAL_CONVERSION = YES;
				CLANG_WARN_OBJC_ROOT_CLASS = YES_ERROR;
				CLANG_WARN_RANGE_LOOP_ANALYSIS = YES;
				CLANG_WARN_STRICT_PROTOTYPES = YES;
				CLANG_WARN_SUSPICIOUS_MOVE = YES;
				CLANG_WARN_UNGUARDED_AVAILABILITY = YES_AGGRESSIVE;
				CLANG_WARN_UNREACHABLE_CODE = YES;
				CLANG_WARN__DUPLICATE_METHOD_MATCH = YES;
				CODE_SIGN_IDENTITY = "iPhone Developer";
				COPY_PHASE_STRIP = NO;
				DEBUG_INFORMATION_FORMAT = "dwarf-with-dsym";
				ENABLE_NS_ASSERTIONS = NO;
				ENABLE_STRICT_OBJC_MSGSEND = YES;
				GCC_C_LANGUAGE_STANDARD = gnu11;
				GCC_NO_COMMON_BLOCKS = YES;
				GCC_WARN_64_TO_32_BIT_CONVERSION = YES;
				GCC_WARN_ABOUT_RETURN_TYPE = YES_ERROR;
				GCC_WARN_UNDECLARED_SELECTOR = YES;
				GCC_WARN_UNINITIALIZED_AUTOS = YES_AGGRESSIVE;
				GCC_WARN_UNUSED_FUNCTION = YES;
				GCC_WARN_UNUSED_VARIABLE = YES;
				IPHONEOS_DEPLOYMENT_TARGET = 12.2;
				MTL_ENABLE_DEBUG_INFO = NO;
				MTL_FAST_MATH = YES;
				SDKROOT = iphoneos;
				SWIFT_COMPILATION_MODE = wholemodule;
				SWIFT_OPTIMIZATION_LEVEL = "-O";
				VALIDATE_PRODUCT = YES;
			};
			name = Release;
		};
		647890922314F6E0009D0502 /* Debug */ = {
			isa = XCBuildConfiguration;
			buildSettings = {
				ASSETCATALOG_COMPILER_APPICON_NAME = AppIcon;
				CODE_SIGN_IDENTITY = "iPhone Developer";
				CODE_SIGN_STYLE = Automatic;
				DEVELOPMENT_TEAM = 7LNUTTJ5VV;
				INFOPLIST_FILE = XYJumpToThirdMap/Info.plist;
				IPHONEOS_DEPLOYMENT_TARGET = 10.0;
				LD_RUNPATH_SEARCH_PATHS = (
					"$(inherited)",
					"@executable_path/Frameworks",
				);
				PRODUCT_BUNDLE_IDENTIFIER = com.mhbtbj.beeguide;
				PRODUCT_NAME = "$(TARGET_NAME)";
				PROVISIONING_PROFILE_SPECIFIER = "";
				SWIFT_VERSION = 5.0;
				TARGETED_DEVICE_FAMILY = 1;
			};
			name = Debug;
		};
		647890932314F6E0009D0502 /* Release */ = {
			isa = XCBuildConfiguration;
			buildSettings = {
				ASSETCATALOG_COMPILER_APPICON_NAME = AppIcon;
				CODE_SIGN_IDENTITY = "iPhone Developer";
				CODE_SIGN_STYLE = Automatic;
				DEVELOPMENT_TEAM = 7LNUTTJ5VV;
				INFOPLIST_FILE = XYJumpToThirdMap/Info.plist;
				IPHONEOS_DEPLOYMENT_TARGET = 10.0;
				LD_RUNPATH_SEARCH_PATHS = (
					"$(inherited)",
					"@executable_path/Frameworks",
				);
				PRODUCT_BUNDLE_IDENTIFIER = com.mhbtbj.beeguide;
				PRODUCT_NAME = "$(TARGET_NAME)";
				PROVISIONING_PROFILE_SPECIFIER = "";
				SWIFT_VERSION = 5.0;
				TARGETED_DEVICE_FAMILY = 1;
			};
			name = Release;
		};
/* End XCBuildConfiguration section */

/* Begin XCConfigurationList section */
		6478907A2314F6DC009D0502 /* Build configuration list for PBXProject "XYJumpToThirdMap" */ = {
			isa = XCConfigurationList;
			buildConfigurations = (
				6478908F2314F6E0009D0502 /* Debug */,
				647890902314F6E0009D0502 /* Release */,
			);
			defaultConfigurationIsVisible = 0;
			defaultConfigurationName = Release;
		};
		647890912314F6E0009D0502 /* Build configuration list for PBXNativeTarget "XYJumpToThirdMap" */ = {
			isa = XCConfigurationList;
			buildConfigurations = (
				647890922314F6E0009D0502 /* Debug */,
				647890932314F6E0009D0502 /* Release */,
			);
			defaultConfigurationIsVisible = 0;
			defaultConfigurationName = Release;
		};
/* End XCConfigurationList section */
	};
	rootObject = 647890772314F6DC009D0502 /* Project object */;
}
